
Microsoft Visual Studio Solution File, Format Version 12.00
# Visual Studio Version 17
VisualStudioVersion = 17.6.33626.354
MinimumVisualStudioVersion = 10.0.40219.1
Project("{9A19103F-16F7-4668-BE54-9A1E7A4F7556}") = "DevLauncher", "src\DevLauncher\DevLauncher.csproj", "{1BA491BC-2CD6-4270-9573-5FF9529D8D89}"
EndProject
Project("{2150E333-8FDC-42A3-9474-1A3956D46DE8}") = "AnakinApps", "AnakinApps", "{4C465CE6-4DB4-4075-A33D-6490579C1B92}"
EndProject
Project("{9A19103F-16F7-4668-BE54-9A1E7A4F7556}") = "ExternalUpdater.CLI", "ModdingToolBase\src\Updater\ExternalUpdater.CLI\ExternalUpdater.CLI.csproj", "{E0C9A009-EBB3-42DC-80A8-8AF61125537D}"
EndProject
Project("{9A19103F-16F7-4668-BE54-9A1E7A4F7556}") = "ExternalUpdater", "ModdingToolBase\src\Updater\ExternalUpdater\ExternalUpdater.csproj", "{0751622D-9343-4CB0-8D03-A22829A3A9B8}"
EndProject
Project("{9A19103F-16F7-4668-BE54-9A1E7A4F7556}") = "AppUpdaterFramework.Manifest", "ModdingToolBase\src\Updater\AppUpdaterFramework.Manifest\AppUpdaterFramework.Manifest.csproj", "{40EDE817-AA59-4F6D-A9E1-A26D2F65FE85}"
EndProject
Project("{9A19103F-16F7-4668-BE54-9A1E7A4F7556}") = "AppUpdaterFramework.Core", "ModdingToolBase\src\Updater\AppUpdaterFramework.Core\AppUpdaterFramework.Core.csproj", "{31463AD9-1BDC-40BA-A192-02F9CFE9BDB9}"
EndProject
Project("{9A19103F-16F7-4668-BE54-9A1E7A4F7556}") = "AppUpdaterFramework", "ModdingToolBase\src\Updater\AppUpdaterFramework\AppUpdaterFramework.csproj", "{61E8C035-B71E-4F93-8D3A-DBCCEDE83A52}"
EndProject
Project("{9A19103F-16F7-4668-BE54-9A1E7A4F7556}") = "ApplicationBase", "ModdingToolBase\src\AnakinApps\ApplicationBase\ApplicationBase.csproj", "{9F2A24AE-04E9-4CB0-825E-FE6A7BD25614}"
EndProject
Project("{9A19103F-16F7-4668-BE54-9A1E7A4F7556}") = "ApplicationBase.CLI", "ModdingToolBase\src\AnakinApps\ApplicationBase.CLI\ApplicationBase.CLI.csproj", "{37BE75A6-AEF7-4563-B948-D84B3E65D13A}"
EndProject
Project("{D954291E-2A0B-460D-934E-DC6B0785DB48}") = "ApplicationConstants", "ModdingToolBase\src\AnakinApps\ApplicationConstants\ApplicationConstants.shproj", "{B297A13A-8E3A-436C-BA97-8B5F57827FFE}"
EndProject
Project("{9A19103F-16F7-4668-BE54-9A1E7A4F7556}") = "FtpUploader", "ModdingToolBase\src\AnakinApps\FtpUploader\FtpUploader.csproj", "{FBC72463-9948-4030-B67D-BDC8C27E11C9}"
EndProject
Project("{9A19103F-16F7-4668-BE54-9A1E7A4F7556}") = "ApplicationManifestCreator", "ModdingToolBase\src\AnakinApps\ApplicationManifestCreator\ApplicationManifestCreator.csproj", "{ABBFF195-1A64-442B-8843-8F714ADA5C8F}"
EndProject
Project("{2150E333-8FDC-42A3-9474-1A3956D46DE8}") = "Tools", "Tools", "{266B0025-20CE-4A57-94DF-ABFAB21189AD}"
EndProject
Project("{2150E333-8FDC-42A3-9474-1A3956D46DE8}") = "App", "App", "{46DB413A-0F73-48A6-9071-9C38916BE6FC}"
EndProject
Project("{2150E333-8FDC-42A3-9474-1A3956D46DE8}") = "Update", "Update", "{3E986062-E81F-4833-A127-24FA73FBCB1B}"
EndProject
Project("{2150E333-8FDC-42A3-9474-1A3956D46DE8}") = "AlamoEngineTools", "AlamoEngineTools", "{FF4C3704-0C74-40B5-A38D-AF29B6385D85}"
EndProject
Project("{9A19103F-16F7-4668-BE54-9A1E7A4F7556}") = "DevLauncher.Tests", "src\DevLauncher.Tests\DevLauncher.Tests.csproj", "{F3CCE961-9C15-495C-A4CB-093BD538FF5A}"
EndProject
Project("{2150E333-8FDC-42A3-9474-1A3956D46DE8}") = "ModVerify", "ModVerify", "{D4C9B8AA-96E5-49F4-B8A4-765144E16548}"
EndProject
Project("{9A19103F-16F7-4668-BE54-9A1E7A4F7556}") = "ModVerify", "ModVerify\src\ModVerify\ModVerify.csproj", "{40E7536A-E14C-41EC-83B6-89812D975616}"
EndProject
Project("{9A19103F-16F7-4668-BE54-9A1E7A4F7556}") = "PG.StarWarsGame.Files.XML", "ModVerify\src\PetroglyphTools\PG.StarWarsGame.Files.XML\PG.StarWarsGame.Files.XML.csproj", "{B0708586-4B61-45FD-A29C-80FBE28E7CEE}"
EndProject
Project("{9A19103F-16F7-4668-BE54-9A1E7A4F7556}") = "PG.StarWarsGame.Files.ChunkFiles", "ModVerify\src\PetroglyphTools\PG.StarWarsGame.Files.ChunkFiles\PG.StarWarsGame.Files.ChunkFiles.csproj", "{D6AC444F-5CC4-4DAC-B974-E3E64B9761A3}"
EndProject
Project("{9A19103F-16F7-4668-BE54-9A1E7A4F7556}") = "PG.StarWarsGame.Files.ALO", "ModVerify\src\PetroglyphTools\PG.StarWarsGame.Files.ALO\PG.StarWarsGame.Files.ALO.csproj", "{94267A81-F31C-4381-9E2B-868C0AC0E65A}"
EndProject
Project("{9A19103F-16F7-4668-BE54-9A1E7A4F7556}") = "PG.StarWarsGame.Engine", "ModVerify\src\PetroglyphTools\PG.StarWarsGame.Engine\PG.StarWarsGame.Engine.csproj", "{301A0BA8-303F-415E-A961-4755FB3978D8}"
EndProject
Project("{9A19103F-16F7-4668-BE54-9A1E7A4F7556}") = "PG.Commons", "ModVerify\PetroglyphTools\PG.Commons\PG.Commons\PG.Commons.csproj", "{FBD44E55-3CFC-46BF-B1CA-137EBBD0CF61}"
EndProject
Project("{9A19103F-16F7-4668-BE54-9A1E7A4F7556}") = "PG.StarWarsGame.Files.DAT", "ModVerify\PetroglyphTools\PG.StarWarsGame.Files.DAT\PG.StarWarsGame.Files.DAT\PG.StarWarsGame.Files.DAT.csproj", "{AA9ED765-5075-43A6-B2FE-73EFB3C9FE26}"
EndProject
Project("{9A19103F-16F7-4668-BE54-9A1E7A4F7556}") = "PG.StarWarsGame.Files.MEG", "ModVerify\PetroglyphTools\PG.StarWarsGame.Files.MEG\PG.StarWarsGame.Files.MEG\PG.StarWarsGame.Files.MEG.csproj", "{46040394-C2B9-4002-8083-9FEDD0BF115B}"
EndProject
Project("{9A19103F-16F7-4668-BE54-9A1E7A4F7556}") = "ModVerify.CliApp", "ModVerify\src\ModVerify.CliApp\ModVerify.CliApp.csproj", "{C5703F53-DC3D-4B4E-9E18-365124C72793}"
EndProject
Project("{9A19103F-16F7-4668-BE54-9A1E7A4F7556}") = "PackMeg", "src\PackMeg\PackMeg.csproj", "{913A31B9-CBBC-4AEC-93EB-F909DF5F4A1B}"
EndProject
Project("{FAE04EC0-301F-11D3-BF4B-00C04F79EFBC}") = "RawDevTools", "src\RawDevTools\RawDevTools.csproj", "{E4F63116-B94A-43FB-ABA9-B9D491D9F6D9}"
EndProject
Global
	GlobalSection(SolutionConfigurationPlatforms) = preSolution
		Debug|Any CPU = Debug|Any CPU
		Release|Any CPU = Release|Any CPU
	EndGlobalSection
	GlobalSection(ProjectConfigurationPlatforms) = postSolution
		{1BA491BC-2CD6-4270-9573-5FF9529D8D89}.Debug|Any CPU.ActiveCfg = Debug|Any CPU
		{1BA491BC-2CD6-4270-9573-5FF9529D8D89}.Debug|Any CPU.Build.0 = Debug|Any CPU
		{1BA491BC-2CD6-4270-9573-5FF9529D8D89}.Release|Any CPU.ActiveCfg = Release|Any CPU
		{1BA491BC-2CD6-4270-9573-5FF9529D8D89}.Release|Any CPU.Build.0 = Release|Any CPU
		{E0C9A009-EBB3-42DC-80A8-8AF61125537D}.Debug|Any CPU.ActiveCfg = Debug|Any CPU
		{E0C9A009-EBB3-42DC-80A8-8AF61125537D}.Debug|Any CPU.Build.0 = Debug|Any CPU
		{E0C9A009-EBB3-42DC-80A8-8AF61125537D}.Release|Any CPU.ActiveCfg = Release|Any CPU
		{E0C9A009-EBB3-42DC-80A8-8AF61125537D}.Release|Any CPU.Build.0 = Release|Any CPU
		{0751622D-9343-4CB0-8D03-A22829A3A9B8}.Debug|Any CPU.ActiveCfg = Debug|Any CPU
		{0751622D-9343-4CB0-8D03-A22829A3A9B8}.Debug|Any CPU.Build.0 = Debug|Any CPU
		{0751622D-9343-4CB0-8D03-A22829A3A9B8}.Release|Any CPU.ActiveCfg = Release|Any CPU
		{0751622D-9343-4CB0-8D03-A22829A3A9B8}.Release|Any CPU.Build.0 = Release|Any CPU
		{40EDE817-AA59-4F6D-A9E1-A26D2F65FE85}.Debug|Any CPU.ActiveCfg = Debug|Any CPU
		{40EDE817-AA59-4F6D-A9E1-A26D2F65FE85}.Debug|Any CPU.Build.0 = Debug|Any CPU
		{40EDE817-AA59-4F6D-A9E1-A26D2F65FE85}.Release|Any CPU.ActiveCfg = Release|Any CPU
		{40EDE817-AA59-4F6D-A9E1-A26D2F65FE85}.Release|Any CPU.Build.0 = Release|Any CPU
		{31463AD9-1BDC-40BA-A192-02F9CFE9BDB9}.Debug|Any CPU.ActiveCfg = Debug|Any CPU
		{31463AD9-1BDC-40BA-A192-02F9CFE9BDB9}.Debug|Any CPU.Build.0 = Debug|Any CPU
		{31463AD9-1BDC-40BA-A192-02F9CFE9BDB9}.Release|Any CPU.ActiveCfg = Release|Any CPU
		{31463AD9-1BDC-40BA-A192-02F9CFE9BDB9}.Release|Any CPU.Build.0 = Release|Any CPU
		{61E8C035-B71E-4F93-8D3A-DBCCEDE83A52}.Debug|Any CPU.ActiveCfg = Debug|Any CPU
		{61E8C035-B71E-4F93-8D3A-DBCCEDE83A52}.Debug|Any CPU.Build.0 = Debug|Any CPU
		{61E8C035-B71E-4F93-8D3A-DBCCEDE83A52}.Release|Any CPU.ActiveCfg = Release|Any CPU
		{61E8C035-B71E-4F93-8D3A-DBCCEDE83A52}.Release|Any CPU.Build.0 = Release|Any CPU
		{9F2A24AE-04E9-4CB0-825E-FE6A7BD25614}.Debug|Any CPU.ActiveCfg = Debug|Any CPU
		{9F2A24AE-04E9-4CB0-825E-FE6A7BD25614}.Debug|Any CPU.Build.0 = Debug|Any CPU
		{9F2A24AE-04E9-4CB0-825E-FE6A7BD25614}.Release|Any CPU.ActiveCfg = Release|Any CPU
		{9F2A24AE-04E9-4CB0-825E-FE6A7BD25614}.Release|Any CPU.Build.0 = Release|Any CPU
		{37BE75A6-AEF7-4563-B948-D84B3E65D13A}.Debug|Any CPU.ActiveCfg = Debug|Any CPU
		{37BE75A6-AEF7-4563-B948-D84B3E65D13A}.Debug|Any CPU.Build.0 = Debug|Any CPU
		{37BE75A6-AEF7-4563-B948-D84B3E65D13A}.Release|Any CPU.ActiveCfg = Release|Any CPU
		{37BE75A6-AEF7-4563-B948-D84B3E65D13A}.Release|Any CPU.Build.0 = Release|Any CPU
		{FBC72463-9948-4030-B67D-BDC8C27E11C9}.Debug|Any CPU.ActiveCfg = Debug|Any CPU
		{FBC72463-9948-4030-B67D-BDC8C27E11C9}.Debug|Any CPU.Build.0 = Debug|Any CPU
		{FBC72463-9948-4030-B67D-BDC8C27E11C9}.Release|Any CPU.ActiveCfg = Release|Any CPU
		{FBC72463-9948-4030-B67D-BDC8C27E11C9}.Release|Any CPU.Build.0 = Release|Any CPU
		{ABBFF195-1A64-442B-8843-8F714ADA5C8F}.Debug|Any CPU.ActiveCfg = Debug|Any CPU
		{ABBFF195-1A64-442B-8843-8F714ADA5C8F}.Debug|Any CPU.Build.0 = Debug|Any CPU
		{ABBFF195-1A64-442B-8843-8F714ADA5C8F}.Release|Any CPU.ActiveCfg = Release|Any CPU
		{ABBFF195-1A64-442B-8843-8F714ADA5C8F}.Release|Any CPU.Build.0 = Release|Any CPU
		{F3CCE961-9C15-495C-A4CB-093BD538FF5A}.Debug|Any CPU.ActiveCfg = Debug|Any CPU
		{F3CCE961-9C15-495C-A4CB-093BD538FF5A}.Debug|Any CPU.Build.0 = Debug|Any CPU
		{F3CCE961-9C15-495C-A4CB-093BD538FF5A}.Release|Any CPU.ActiveCfg = Release|Any CPU
		{F3CCE961-9C15-495C-A4CB-093BD538FF5A}.Release|Any CPU.Build.0 = Release|Any CPU
		{40E7536A-E14C-41EC-83B6-89812D975616}.Debug|Any CPU.ActiveCfg = Debug|Any CPU
		{40E7536A-E14C-41EC-83B6-89812D975616}.Debug|Any CPU.Build.0 = Debug|Any CPU
		{40E7536A-E14C-41EC-83B6-89812D975616}.Release|Any CPU.ActiveCfg = Release|Any CPU
		{40E7536A-E14C-41EC-83B6-89812D975616}.Release|Any CPU.Build.0 = Release|Any CPU
		{B0708586-4B61-45FD-A29C-80FBE28E7CEE}.Debug|Any CPU.ActiveCfg = Debug|Any CPU
		{B0708586-4B61-45FD-A29C-80FBE28E7CEE}.Debug|Any CPU.Build.0 = Debug|Any CPU
		{B0708586-4B61-45FD-A29C-80FBE28E7CEE}.Release|Any CPU.ActiveCfg = Release|Any CPU
		{B0708586-4B61-45FD-A29C-80FBE28E7CEE}.Release|Any CPU.Build.0 = Release|Any CPU
		{D6AC444F-5CC4-4DAC-B974-E3E64B9761A3}.Debug|Any CPU.ActiveCfg = Debug|Any CPU
		{D6AC444F-5CC4-4DAC-B974-E3E64B9761A3}.Debug|Any CPU.Build.0 = Debug|Any CPU
		{D6AC444F-5CC4-4DAC-B974-E3E64B9761A3}.Release|Any CPU.ActiveCfg = Release|Any CPU
		{D6AC444F-5CC4-4DAC-B974-E3E64B9761A3}.Release|Any CPU.Build.0 = Release|Any CPU
		{94267A81-F31C-4381-9E2B-868C0AC0E65A}.Debug|Any CPU.ActiveCfg = Debug|Any CPU
		{94267A81-F31C-4381-9E2B-868C0AC0E65A}.Debug|Any CPU.Build.0 = Debug|Any CPU
		{94267A81-F31C-4381-9E2B-868C0AC0E65A}.Release|Any CPU.ActiveCfg = Release|Any CPU
		{94267A81-F31C-4381-9E2B-868C0AC0E65A}.Release|Any CPU.Build.0 = Release|Any CPU
		{301A0BA8-303F-415E-A961-4755FB3978D8}.Debug|Any CPU.ActiveCfg = Debug|Any CPU
		{301A0BA8-303F-415E-A961-4755FB3978D8}.Debug|Any CPU.Build.0 = Debug|Any CPU
		{301A0BA8-303F-415E-A961-4755FB3978D8}.Release|Any CPU.ActiveCfg = Release|Any CPU
		{301A0BA8-303F-415E-A961-4755FB3978D8}.Release|Any CPU.Build.0 = Release|Any CPU
		{FBD44E55-3CFC-46BF-B1CA-137EBBD0CF61}.Debug|Any CPU.ActiveCfg = Debug|Any CPU
		{FBD44E55-3CFC-46BF-B1CA-137EBBD0CF61}.Debug|Any CPU.Build.0 = Debug|Any CPU
		{FBD44E55-3CFC-46BF-B1CA-137EBBD0CF61}.Release|Any CPU.ActiveCfg = Release|Any CPU
		{FBD44E55-3CFC-46BF-B1CA-137EBBD0CF61}.Release|Any CPU.Build.0 = Release|Any CPU
		{AA9ED765-5075-43A6-B2FE-73EFB3C9FE26}.Debug|Any CPU.ActiveCfg = Debug|Any CPU
		{AA9ED765-5075-43A6-B2FE-73EFB3C9FE26}.Debug|Any CPU.Build.0 = Debug|Any CPU
		{AA9ED765-5075-43A6-B2FE-73EFB3C9FE26}.Release|Any CPU.ActiveCfg = Release|Any CPU
		{AA9ED765-5075-43A6-B2FE-73EFB3C9FE26}.Release|Any CPU.Build.0 = Release|Any CPU
		{46040394-C2B9-4002-8083-9FEDD0BF115B}.Debug|Any CPU.ActiveCfg = Debug|Any CPU
		{46040394-C2B9-4002-8083-9FEDD0BF115B}.Debug|Any CPU.Build.0 = Debug|Any CPU
		{46040394-C2B9-4002-8083-9FEDD0BF115B}.Release|Any CPU.ActiveCfg = Release|Any CPU
		{46040394-C2B9-4002-8083-9FEDD0BF115B}.Release|Any CPU.Build.0 = Release|Any CPU
		{C5703F53-DC3D-4B4E-9E18-365124C72793}.Debug|Any CPU.ActiveCfg = Debug|Any CPU
		{C5703F53-DC3D-4B4E-9E18-365124C72793}.Debug|Any CPU.Build.0 = Debug|Any CPU
		{C5703F53-DC3D-4B4E-9E18-365124C72793}.Release|Any CPU.ActiveCfg = Release|Any CPU
		{C5703F53-DC3D-4B4E-9E18-365124C72793}.Release|Any CPU.Build.0 = Release|Any CPU
		{913A31B9-CBBC-4AEC-93EB-F909DF5F4A1B}.Debug|Any CPU.ActiveCfg = Debug|Any CPU
		{913A31B9-CBBC-4AEC-93EB-F909DF5F4A1B}.Debug|Any CPU.Build.0 = Debug|Any CPU
		{913A31B9-CBBC-4AEC-93EB-F909DF5F4A1B}.Release|Any CPU.ActiveCfg = Release|Any CPU
		{913A31B9-CBBC-4AEC-93EB-F909DF5F4A1B}.Release|Any CPU.Build.0 = Release|Any CPU
		{E4F63116-B94A-43FB-ABA9-B9D491D9F6D9}.Debug|Any CPU.ActiveCfg = Debug|Any CPU
		{E4F63116-B94A-43FB-ABA9-B9D491D9F6D9}.Debug|Any CPU.Build.0 = Debug|Any CPU
		{E4F63116-B94A-43FB-ABA9-B9D491D9F6D9}.Release|Any CPU.ActiveCfg = Release|Any CPU
		{E4F63116-B94A-43FB-ABA9-B9D491D9F6D9}.Release|Any CPU.Build.0 = Release|Any CPU
	EndGlobalSection
	GlobalSection(SolutionProperties) = preSolution
		HideSolutionNode = FALSE
	EndGlobalSection
	GlobalSection(NestedProjects) = preSolution
		{E0C9A009-EBB3-42DC-80A8-8AF61125537D} = {3E986062-E81F-4833-A127-24FA73FBCB1B}
		{0751622D-9343-4CB0-8D03-A22829A3A9B8} = {3E986062-E81F-4833-A127-24FA73FBCB1B}
		{40EDE817-AA59-4F6D-A9E1-A26D2F65FE85} = {3E986062-E81F-4833-A127-24FA73FBCB1B}
		{31463AD9-1BDC-40BA-A192-02F9CFE9BDB9} = {3E986062-E81F-4833-A127-24FA73FBCB1B}
		{61E8C035-B71E-4F93-8D3A-DBCCEDE83A52} = {3E986062-E81F-4833-A127-24FA73FBCB1B}
		{9F2A24AE-04E9-4CB0-825E-FE6A7BD25614} = {46DB413A-0F73-48A6-9071-9C38916BE6FC}
		{37BE75A6-AEF7-4563-B948-D84B3E65D13A} = {46DB413A-0F73-48A6-9071-9C38916BE6FC}
		{B297A13A-8E3A-436C-BA97-8B5F57827FFE} = {46DB413A-0F73-48A6-9071-9C38916BE6FC}
		{FBC72463-9948-4030-B67D-BDC8C27E11C9} = {266B0025-20CE-4A57-94DF-ABFAB21189AD}
		{ABBFF195-1A64-442B-8843-8F714ADA5C8F} = {266B0025-20CE-4A57-94DF-ABFAB21189AD}
		{266B0025-20CE-4A57-94DF-ABFAB21189AD} = {4C465CE6-4DB4-4075-A33D-6490579C1B92}
		{46DB413A-0F73-48A6-9071-9C38916BE6FC} = {4C465CE6-4DB4-4075-A33D-6490579C1B92}
		{3E986062-E81F-4833-A127-24FA73FBCB1B} = {4C465CE6-4DB4-4075-A33D-6490579C1B92}
		{40E7536A-E14C-41EC-83B6-89812D975616} = {D4C9B8AA-96E5-49F4-B8A4-765144E16548}
		{B0708586-4B61-45FD-A29C-80FBE28E7CEE} = {FF4C3704-0C74-40B5-A38D-AF29B6385D85}
		{D6AC444F-5CC4-4DAC-B974-E3E64B9761A3} = {FF4C3704-0C74-40B5-A38D-AF29B6385D85}
		{94267A81-F31C-4381-9E2B-868C0AC0E65A} = {FF4C3704-0C74-40B5-A38D-AF29B6385D85}
		{301A0BA8-303F-415E-A961-4755FB3978D8} = {FF4C3704-0C74-40B5-A38D-AF29B6385D85}
		{FBD44E55-3CFC-46BF-B1CA-137EBBD0CF61} = {FF4C3704-0C74-40B5-A38D-AF29B6385D85}
		{AA9ED765-5075-43A6-B2FE-73EFB3C9FE26} = {FF4C3704-0C74-40B5-A38D-AF29B6385D85}
		{46040394-C2B9-4002-8083-9FEDD0BF115B} = {FF4C3704-0C74-40B5-A38D-AF29B6385D85}
		{C5703F53-DC3D-4B4E-9E18-365124C72793} = {D4C9B8AA-96E5-49F4-B8A4-765144E16548}
	EndGlobalSection
	GlobalSection(ExtensibilityGlobals) = postSolution
		SolutionGuid = {DC15751A-BB36-4EF1-BFF0-2DF1E419AC8F}
	EndGlobalSection
	GlobalSection(SharedMSBuildProjectFiles) = preSolution
		ModdingToolBase\src\AnakinApps\ApplicationConstants\ApplicationConstants.projitems*{9f2a24ae-04e9-4cb0-825e-fe6a7bd25614}*SharedItemsImports = 5
		ModdingToolBase\src\AnakinApps\ApplicationConstants\ApplicationConstants.projitems*{abbff195-1a64-442b-8843-8f714ada5c8f}*SharedItemsImports = 5
		ModdingToolBase\src\AnakinApps\ApplicationConstants\ApplicationConstants.projitems*{b297a13a-8e3a-436c-ba97-8b5f57827ffe}*SharedItemsImports = 13
		ModdingToolBase\src\AnakinApps\ApplicationConstants\ApplicationConstants.projitems*{fbc72463-9948-4030-b67d-bdc8c27e11c9}*SharedItemsImports = 5
	EndGlobalSection
EndGlobal
