
Microsoft Visual Studio Solution File, Format Version 12.00
# Visual Studio Version 17
VisualStudioVersion = 17.6.33626.354
MinimumVisualStudioVersion = 10.0.40219.1
Project("{9A19103F-16F7-4668-BE54-9A1E7A4F7556}") = "DevLauncher", "src\DevLauncher\DevLauncher.csproj", "{1BA491BC-2CD6-4270-9573-5FF9529D8D89}"
EndProject
Project("{2150E333-8FDC-42A3-9474-1A3956D46DE8}") = "AnakinApps", "AnakinApps", "{4C465CE6-4DB4-4075-A33D-6490579C1B92}"
EndProject
Project("{9A19103F-16F7-4668-BE54-9A1E7A4F7556}") = "AppUpdaterFramework.Manifest", "ModdingToolBase\src\Updater\AppUpdaterFramework.Manifest\AppUpdaterFramework.Manifest.csproj", "{40EDE817-AA59-4F6D-A9E1-A26D2F65FE85}"
EndProject
Project("{9A19103F-16F7-4668-BE54-9A1E7A4F7556}") = "AppUpdaterFramework.Core", "ModdingToolBase\src\Updater\AppUpdaterFramework.Core\AppUpdaterFramework.Core.csproj", "{31463AD9-1BDC-40BA-A192-02F9CFE9BDB9}"
EndProject
Project("{9A19103F-16F7-4668-BE54-9A1E7A4F7556}") = "AppUpdaterFramework", "ModdingToolBase\src\Updater\AppUpdaterFramework\AppUpdaterFramework.csproj", "{61E8C035-B71E-4F93-8D3A-DBCCEDE83A52}"
EndProject
Project("{9A19103F-16F7-4668-BE54-9A1E7A4F7556}") = "ApplicationBase", "ModdingToolBase\src\AnakinApps\ApplicationBase\ApplicationBase.csproj", "{9F2A24AE-04E9-4CB0-825E-FE6A7BD25614}"
EndProject
Project("{9A19103F-16F7-4668-BE54-9A1E7A4F7556}") = "FtpUploader", "ModdingToolBase\src\AnakinApps\FtpUploader\FtpUploader.csproj", "{FBC72463-9948-4030-B67D-BDC8C27E11C9}"
EndProject
Project("{9A19103F-16F7-4668-BE54-9A1E7A4F7556}") = "ApplicationManifestCreator", "ModdingToolBase\src\AnakinApps\ApplicationManifestCreator\ApplicationManifestCreator.csproj", "{ABBFF195-1A64-442B-8843-8F714ADA5C8F}"
EndProject
Project("{2150E333-8FDC-42A3-9474-1A3956D46DE8}") = "Tools", "Tools", "{266B0025-20CE-4A57-94DF-ABFAB21189AD}"
EndProject
Project("{2150E333-8FDC-42A3-9474-1A3956D46DE8}") = "App", "App", "{46DB413A-0F73-48A6-9071-9C38916BE6FC}"
EndProject
Project("{2150E333-8FDC-42A3-9474-1A3956D46DE8}") = "Update", "Update", "{3E986062-E81F-4833-A127-24FA73FBCB1B}"
EndProject
Project("{2150E333-8FDC-42A3-9474-1A3956D46DE8}") = "AlamoEngineTools", "AlamoEngineTools", "{FF4C3704-0C74-40B5-A38D-AF29B6385D85}"
EndProject
Project("{9A19103F-16F7-4668-BE54-9A1E7A4F7556}") = "DevLauncher.Tests", "src\DevLauncher.Tests\DevLauncher.Tests.csproj", "{F3CCE961-9C15-495C-A4CB-093BD538FF5A}"
EndProject
Project("{2150E333-8FDC-42A3-9474-1A3956D46DE8}") = "ModVerify", "ModVerify", "{D4C9B8AA-96E5-49F4-B8A4-765144E16548}"
EndProject
Project("{9A19103F-16F7-4668-BE54-9A1E7A4F7556}") = "ModVerify", "ModVerify\src\ModVerify\ModVerify.csproj", "{40E7536A-E14C-41EC-83B6-89812D975616}"
EndProject
Project("{9A19103F-16F7-4668-BE54-9A1E7A4F7556}") = "PG.StarWarsGame.Files.XML", "ModVerify\src\PetroglyphTools\PG.StarWarsGame.Files.XML\PG.StarWarsGame.Files.XML.csproj", "{B0708586-4B61-45FD-A29C-80FBE28E7CEE}"
EndProject
Project("{9A19103F-16F7-4668-BE54-9A1E7A4F7556}") = "PG.StarWarsGame.Files.ChunkFiles", "ModVerify\src\PetroglyphTools\PG.StarWarsGame.Files.ChunkFiles\PG.StarWarsGame.Files.ChunkFiles.csproj", "{D6AC444F-5CC4-4DAC-B974-E3E64B9761A3}"
EndProject
Project("{9A19103F-16F7-4668-BE54-9A1E7A4F7556}") = "PG.StarWarsGame.Files.ALO", "ModVerify\src\PetroglyphTools\PG.StarWarsGame.Files.ALO\PG.StarWarsGame.Files.ALO.csproj", "{94267A81-F31C-4381-9E2B-868C0AC0E65A}"
EndProject
Project("{9A19103F-16F7-4668-BE54-9A1E7A4F7556}") = "PG.StarWarsGame.Engine", "ModVerify\src\PetroglyphTools\PG.StarWarsGame.Engine\PG.StarWarsGame.Engine.csproj", "{301A0BA8-303F-415E-A961-4755FB3978D8}"
EndProject
Project("{9A19103F-16F7-4668-BE54-9A1E7A4F7556}") = "ModVerify.CliApp", "ModVerify\src\ModVerify.CliApp\ModVerify.CliApp.csproj", "{C5703F53-DC3D-4B4E-9E18-365124C72793}"
EndProject
Project("{9A19103F-16F7-4668-BE54-9A1E7A4F7556}") = "RawDevTools", "src\RawDevTools\RawDevTools.csproj", "{E4F63116-B94A-43FB-ABA9-B9D491D9F6D9}"
EndProject
Project("{9A19103F-16F7-4668-BE54-9A1E7A4F7556}") = "TextCompile", "src\TextCompile\TextCompile.csproj", "{50E34854-BF6B-4170-BB4C-74830AB5609B}"
EndProject
Project("{9A19103F-16F7-4668-BE54-9A1E7A4F7556}") = "MegCompile", "src\MegCompile\MegCompile.csproj", "{BB759AD8-EEAC-4994-80A8-34E60B2FDA86}"
EndProject
Project("{2150E333-8FDC-42A3-9474-1A3956D46DE8}") = "SeparatedTools", "SeparatedTools", "{5A7785E7-C59E-4F2D-9596-352844693272}"
EndProject
Project("{FAE04EC0-301F-11D3-BF4B-00C04F79EFBC}") = "ExternalUpdater.App", "ModdingToolBase\src\Updater\ExternalUpdater.App\ExternalUpdater.App.csproj", "{846253D9-D766-8852-74B9-E1E04B9F2A81}"
EndProject
Project("{FAE04EC0-301F-11D3-BF4B-00C04F79EFBC}") = "ExternalUpdater.Core", "ModdingToolBase\src\Updater\ExternalUpdater.Core\ExternalUpdater.Core.csproj", "{EF1942AC-C4E5-A6AA-0328-1DA00E3BE7A1}"
EndProject
Project("{FAE04EC0-301F-11D3-BF4B-00C04F79EFBC}") = "ApplicationBase.CommandLine", "ModdingToolBase\src\AnakinApps\ApplicationBase.CommandLine\ApplicationBase.CommandLine.csproj", "{8768819D-B0C2-4487-3B3A-84A90F36BAB7}"
EndProject
Project("{D954291E-2A0B-460D-934E-DC6B0785DB48}") = "ApplicationBase.Shared", "ModdingToolBase\src\AnakinApps\ApplicationBase.Shared\ApplicationBase.Shared.shproj", "{B297A13A-8E3A-436C-BA97-8B5F57827FFE}"
EndProject
Global
	GlobalSection(SolutionConfigurationPlatforms) = preSolution
		Debug|Any CPU = Debug|Any CPU
		Release|Any CPU = Release|Any CPU
	EndGlobalSection
	GlobalSection(ProjectConfigurationPlatforms) = postSolution
		{1BA491BC-2CD6-4270-9573-5FF9529D8D89}.Debug|Any CPU.ActiveCfg = Debug|Any CPU
		{1BA491BC-2CD6-4270-9573-5FF9529D8D89}.Debug|Any CPU.Build.0 = Debug|Any CPU
		{1BA491BC-2CD6-4270-9573-5FF9529D8D89}.Release|Any CPU.ActiveCfg = Release|Any CPU
		{1BA491BC-2CD6-4270-9573-5FF9529D8D89}.Release|Any CPU.Build.0 = Release|Any CPU
		{40EDE817-AA59-4F6D-A9E1-A26D2F65FE85}.Debug|Any CPU.ActiveCfg = Debug|Any CPU
		{40EDE817-AA59-4F6D-A9E1-A26D2F65FE85}.Debug|Any CPU.Build.0 = Debug|Any CPU
		{40EDE817-AA59-4F6D-A9E1-A26D2F65FE85}.Release|Any CPU.ActiveCfg = Release|Any CPU
		{40EDE817-AA59-4F6D-A9E1-A26D2F65FE85}.Release|Any CPU.Build.0 = Release|Any CPU
		{31463AD9-1BDC-40BA-A192-02F9CFE9BDB9}.Debug|Any CPU.ActiveCfg = Debug|Any CPU
		{31463AD9-1BDC-40BA-A192-02F9CFE9BDB9}.Debug|Any CPU.Build.0 = Debug|Any CPU
		{31463AD9-1BDC-40BA-A192-02F9CFE9BDB9}.Release|Any CPU.ActiveCfg = Release|Any CPU
		{31463AD9-1BDC-40BA-A192-02F9CFE9BDB9}.Release|Any CPU.Build.0 = Release|Any CPU
		{61E8C035-B71E-4F93-8D3A-DBCCEDE83A52}.Debug|Any CPU.ActiveCfg = Debug|Any CPU
		{61E8C035-B71E-4F93-8D3A-DBCCEDE83A52}.Debug|Any CPU.Build.0 = Debug|Any CPU
		{61E8C035-B71E-4F93-8D3A-DBCCEDE83A52}.Release|Any CPU.ActiveCfg = Release|Any CPU
		{61E8C035-B71E-4F93-8D3A-DBCCEDE83A52}.Release|Any CPU.Build.0 = Release|Any CPU
		{9F2A24AE-04E9-4CB0-825E-FE6A7BD25614}.Debug|Any CPU.ActiveCfg = Debug|Any CPU
		{9F2A24AE-04E9-4CB0-825E-FE6A7BD25614}.Debug|Any CPU.Build.0 = Debug|Any CPU
		{9F2A24AE-04E9-4CB0-825E-FE6A7BD25614}.Release|Any CPU.ActiveCfg = Release|Any CPU
		{9F2A24AE-04E9-4CB0-825E-FE6A7BD25614}.Release|Any CPU.Build.0 = Release|Any CPU
		{FBC72463-9948-4030-B67D-BDC8C27E11C9}.Debug|Any CPU.ActiveCfg = Debug|Any CPU
		{FBC72463-9948-4030-B67D-BDC8C27E11C9}.Debug|Any CPU.Build.0 = Debug|Any CPU
		{FBC72463-9948-4030-B67D-BDC8C27E11C9}.Release|Any CPU.ActiveCfg = Release|Any CPU
		{FBC72463-9948-4030-B67D-BDC8C27E11C9}.Release|Any CPU.Build.0 = Release|Any CPU
		{ABBFF195-1A64-442B-8843-8F714ADA5C8F}.Debug|Any CPU.ActiveCfg = Debug|Any CPU
		{ABBFF195-1A64-442B-8843-8F714ADA5C8F}.Debug|Any CPU.Build.0 = Debug|Any CPU
		{ABBFF195-1A64-442B-8843-8F714ADA5C8F}.Release|Any CPU.ActiveCfg = Release|Any CPU
		{ABBFF195-1A64-442B-8843-8F714ADA5C8F}.Release|Any CPU.Build.0 = Release|Any CPU
		{F3CCE961-9C15-495C-A4CB-093BD538FF5A}.Debug|Any CPU.ActiveCfg = Debug|Any CPU
		{F3CCE961-9C15-495C-A4CB-093BD538FF5A}.Debug|Any CPU.Build.0 = Debug|Any CPU
		{F3CCE961-9C15-495C-A4CB-093BD538FF5A}.Release|Any CPU.ActiveCfg = Release|Any CPU
		{F3CCE961-9C15-495C-A4CB-093BD538FF5A}.Release|Any CPU.Build.0 = Release|Any CPU
		{40E7536A-E14C-41EC-83B6-89812D975616}.Debug|Any CPU.ActiveCfg = Debug|Any CPU
		{40E7536A-E14C-41EC-83B6-89812D975616}.Debug|Any CPU.Build.0 = Debug|Any CPU
		{40E7536A-E14C-41EC-83B6-89812D975616}.Release|Any CPU.ActiveCfg = Release|Any CPU
		{40E7536A-E14C-41EC-83B6-89812D975616}.Release|Any CPU.Build.0 = Release|Any CPU
		{B0708586-4B61-45FD-A29C-80FBE28E7CEE}.Debug|Any CPU.ActiveCfg = Debug|Any CPU
		{B0708586-4B61-45FD-A29C-80FBE28E7CEE}.Debug|Any CPU.Build.0 = Debug|Any CPU
		{B0708586-4B61-45FD-A29C-80FBE28E7CEE}.Release|Any CPU.ActiveCfg = Release|Any CPU
		{B0708586-4B61-45FD-A29C-80FBE28E7CEE}.Release|Any CPU.Build.0 = Release|Any CPU
		{D6AC444F-5CC4-4DAC-B974-E3E64B9761A3}.Debug|Any CPU.ActiveCfg = Debug|Any CPU
		{D6AC444F-5CC4-4DAC-B974-E3E64B9761A3}.Debug|Any CPU.Build.0 = Debug|Any CPU
		{D6AC444F-5CC4-4DAC-B974-E3E64B9761A3}.Release|Any CPU.ActiveCfg = Release|Any CPU
		{D6AC444F-5CC4-4DAC-B974-E3E64B9761A3}.Release|Any CPU.Build.0 = Release|Any CPU
		{94267A81-F31C-4381-9E2B-868C0AC0E65A}.Debug|Any CPU.ActiveCfg = Debug|Any CPU
		{94267A81-F31C-4381-9E2B-868C0AC0E65A}.Debug|Any CPU.Build.0 = Debug|Any CPU
		{94267A81-F31C-4381-9E2B-868C0AC0E65A}.Release|Any CPU.ActiveCfg = Release|Any CPU
		{94267A81-F31C-4381-9E2B-868C0AC0E65A}.Release|Any CPU.Build.0 = Release|Any CPU
		{301A0BA8-303F-415E-A961-4755FB3978D8}.Debug|Any CPU.ActiveCfg = Debug|Any CPU
		{301A0BA8-303F-415E-A961-4755FB3978D8}.Debug|Any CPU.Build.0 = Debug|Any CPU
		{301A0BA8-303F-415E-A961-4755FB3978D8}.Release|Any CPU.ActiveCfg = Release|Any CPU
		{301A0BA8-303F-415E-A961-4755FB3978D8}.Release|Any CPU.Build.0 = Release|Any CPU
		{C5703F53-DC3D-4B4E-9E18-365124C72793}.Debug|Any CPU.ActiveCfg = Debug|Any CPU
		{C5703F53-DC3D-4B4E-9E18-365124C72793}.Debug|Any CPU.Build.0 = Debug|Any CPU
		{C5703F53-DC3D-4B4E-9E18-365124C72793}.Release|Any CPU.ActiveCfg = Release|Any CPU
		{C5703F53-DC3D-4B4E-9E18-365124C72793}.Release|Any CPU.Build.0 = Release|Any CPU
		{E4F63116-B94A-43FB-ABA9-B9D491D9F6D9}.Debug|Any CPU.ActiveCfg = Debug|Any CPU
		{E4F63116-B94A-43FB-ABA9-B9D491D9F6D9}.Debug|Any CPU.Build.0 = Debug|Any CPU
		{E4F63116-B94A-43FB-ABA9-B9D491D9F6D9}.Release|Any CPU.ActiveCfg = Release|Any CPU
		{E4F63116-B94A-43FB-ABA9-B9D491D9F6D9}.Release|Any CPU.Build.0 = Release|Any CPU
		{50E34854-BF6B-4170-BB4C-74830AB5609B}.Debug|Any CPU.ActiveCfg = Debug|Any CPU
		{50E34854-BF6B-4170-BB4C-74830AB5609B}.Debug|Any CPU.Build.0 = Debug|Any CPU
		{50E34854-BF6B-4170-BB4C-74830AB5609B}.Release|Any CPU.ActiveCfg = Release|Any CPU
		{50E34854-BF6B-4170-BB4C-74830AB5609B}.Release|Any CPU.Build.0 = Release|Any CPU
		{BB759AD8-EEAC-4994-80A8-34E60B2FDA86}.Debug|Any CPU.ActiveCfg = Debug|Any CPU
		{BB759AD8-EEAC-4994-80A8-34E60B2FDA86}.Debug|Any CPU.Build.0 = Debug|Any CPU
		{BB759AD8-EEAC-4994-80A8-34E60B2FDA86}.Release|Any CPU.ActiveCfg = Release|Any CPU
		{BB759AD8-EEAC-4994-80A8-34E60B2FDA86}.Release|Any CPU.Build.0 = Release|Any CPU
		{846253D9-D766-8852-74B9-E1E04B9F2A81}.Debug|Any CPU.ActiveCfg = Debug|Any CPU
		{846253D9-D766-8852-74B9-E1E04B9F2A81}.Debug|Any CPU.Build.0 = Debug|Any CPU
		{846253D9-D766-8852-74B9-E1E04B9F2A81}.Release|Any CPU.ActiveCfg = Release|Any CPU
		{846253D9-D766-8852-74B9-E1E04B9F2A81}.Release|Any CPU.Build.0 = Release|Any CPU
		{EF1942AC-C4E5-A6AA-0328-1DA00E3BE7A1}.Debug|Any CPU.ActiveCfg = Debug|Any CPU
		{EF1942AC-C4E5-A6AA-0328-1DA00E3BE7A1}.Debug|Any CPU.Build.0 = Debug|Any CPU
		{EF1942AC-C4E5-A6AA-0328-1DA00E3BE7A1}.Release|Any CPU.ActiveCfg = Release|Any CPU
		{EF1942AC-C4E5-A6AA-0328-1DA00E3BE7A1}.Release|Any CPU.Build.0 = Release|Any CPU
		{8768819D-B0C2-4487-3B3A-84A90F36BAB7}.Debug|Any CPU.ActiveCfg = Debug|Any CPU
		{8768819D-B0C2-4487-3B3A-84A90F36BAB7}.Debug|Any CPU.Build.0 = Debug|Any CPU
		{8768819D-B0C2-4487-3B3A-84A90F36BAB7}.Release|Any CPU.ActiveCfg = Release|Any CPU
		{8768819D-B0C2-4487-3B3A-84A90F36BAB7}.Release|Any CPU.Build.0 = Release|Any CPU
	EndGlobalSection
	GlobalSection(SolutionProperties) = preSolution
		HideSolutionNode = FALSE
	EndGlobalSection
	GlobalSection(NestedProjects) = preSolution
		{40EDE817-AA59-4F6D-A9E1-A26D2F65FE85} = {3E986062-E81F-4833-A127-24FA73FBCB1B}
		{31463AD9-1BDC-40BA-A192-02F9CFE9BDB9} = {3E986062-E81F-4833-A127-24FA73FBCB1B}
		{61E8C035-B71E-4F93-8D3A-DBCCEDE83A52} = {3E986062-E81F-4833-A127-24FA73FBCB1B}
		{9F2A24AE-04E9-4CB0-825E-FE6A7BD25614} = {46DB413A-0F73-48A6-9071-9C38916BE6FC}
		{FBC72463-9948-4030-B67D-BDC8C27E11C9} = {266B0025-20CE-4A57-94DF-ABFAB21189AD}
		{ABBFF195-1A64-442B-8843-8F714ADA5C8F} = {266B0025-20CE-4A57-94DF-ABFAB21189AD}
		{266B0025-20CE-4A57-94DF-ABFAB21189AD} = {4C465CE6-4DB4-4075-A33D-6490579C1B92}
		{46DB413A-0F73-48A6-9071-9C38916BE6FC} = {4C465CE6-4DB4-4075-A33D-6490579C1B92}
		{3E986062-E81F-4833-A127-24FA73FBCB1B} = {4C465CE6-4DB4-4075-A33D-6490579C1B92}
		{40E7536A-E14C-41EC-83B6-89812D975616} = {D4C9B8AA-96E5-49F4-B8A4-765144E16548}
		{B0708586-4B61-45FD-A29C-80FBE28E7CEE} = {FF4C3704-0C74-40B5-A38D-AF29B6385D85}
		{D6AC444F-5CC4-4DAC-B974-E3E64B9761A3} = {FF4C3704-0C74-40B5-A38D-AF29B6385D85}
		{94267A81-F31C-4381-9E2B-868C0AC0E65A} = {FF4C3704-0C74-40B5-A38D-AF29B6385D85}
		{301A0BA8-303F-415E-A961-4755FB3978D8} = {FF4C3704-0C74-40B5-A38D-AF29B6385D85}
		{C5703F53-DC3D-4B4E-9E18-365124C72793} = {D4C9B8AA-96E5-49F4-B8A4-765144E16548}
		{50E34854-BF6B-4170-BB4C-74830AB5609B} = {5A7785E7-C59E-4F2D-9596-352844693272}
		{BB759AD8-EEAC-4994-80A8-34E60B2FDA86} = {5A7785E7-C59E-4F2D-9596-352844693272}
		{846253D9-D766-8852-74B9-E1E04B9F2A81} = {3E986062-E81F-4833-A127-24FA73FBCB1B}
		{EF1942AC-C4E5-A6AA-0328-1DA00E3BE7A1} = {3E986062-E81F-4833-A127-24FA73FBCB1B}
		{8768819D-B0C2-4487-3B3A-84A90F36BAB7} = {46DB413A-0F73-48A6-9071-9C38916BE6FC}
		{B297A13A-8E3A-436C-BA97-8B5F57827FFE} = {46DB413A-0F73-48A6-9071-9C38916BE6FC}
	EndGlobalSection
	GlobalSection(ExtensibilityGlobals) = postSolution
		SolutionGuid = {DC15751A-BB36-4EF1-BFF0-2DF1E419AC8F}
	EndGlobalSection
	GlobalSection(SharedMSBuildProjectFiles) = preSolution
		ModdingToolBase\src\AnakinApps\ApplicationBase.Shared\ApplicationBase.Shared.projitems*{9f2a24ae-04e9-4cb0-825e-fe6a7bd25614}*SharedItemsImports = 5
		ModdingToolBase\src\AnakinApps\ApplicationBase.Shared\ApplicationBase.Shared.projitems*{abbff195-1a64-442b-8843-8f714ada5c8f}*SharedItemsImports = 5
		ModdingToolBase\src\AnakinApps\ApplicationBase.Shared\ApplicationBase.Shared.projitems*{fbc72463-9948-4030-b67d-bdc8c27e11c9}*SharedItemsImports = 5
	EndGlobalSection
EndGlobal
